
Microsoft Visual Studio Solution File, Format Version 12.00
# Visual Studio Version 17
VisualStudioVersion = 17.7.34202.233
MinimumVisualStudioVersion = 10.0.40219.1
Project("{FAE04EC0-301F-11D3-BF4B-00C04F79EFBC}") = "ConsoleApp1", "ConsoleApp1\ConsoleApp1.csproj", "{A78AFF8F-C8B7-4AF9-973A-02E2E22322AC}"
EndProject
Global
	GlobalSection(SolutionConfigurationPlatforms) = preSolution
		Debug|Any CPU = Debug|Any CPU
		Release|Any CPU = Release|Any CPU
	EndGlobalSection
	GlobalSection(ProjectConfigurationPlatforms) = postSolution
		{A78AFF8F-C8B7-4AF9-973A-02E2E22322AC}.Debug|Any CPU.ActiveCfg = Debug|Any CPU
		{A78AFF8F-C8B7-4AF9-973A-02E2E22322AC}.Debug|Any CPU.Build.0 = Debug|Any CPU
		{A78AFF8F-C8B7-4AF9-973A-02E2E22322AC}.Release|Any CPU.ActiveCfg = Release|Any CPU
		{A78AFF8F-C8B7-4AF9-973A-02E2E22322AC}.Release|Any CPU.Build.0 = Release|Any CPU
	EndGlobalSection
	GlobalSection(SolutionProperties) = preSolution
		HideSolutionNode = FALSE
	EndGlobalSection
	GlobalSection(ExtensibilityGlobals) = postSolution
		SolutionGuid = {770A05A9-4AE8-4892-8186-E668F01AE356}
	EndGlobalSection
EndGlobal
